
Microsoft Visual Studio Solution File, Format Version 12.00
# Visual Studio Version 17
VisualStudioVersion = 17.7.34202.233
MinimumVisualStudioVersion = 10.0.40219.1
Project("{FAE04EC0-301F-11D3-BF4B-00C04F79EFBC}") = "Transport", "Transport.csproj", "{86A32285-DB4F-4CB5-B52B-B646B8444354}"
EndProject
Global
	GlobalSection(SolutionConfigurationPlatforms) = preSolution
		Debug|Any CPU = Debug|Any CPU
		Release|Any CPU = Release|Any CPU
	EndGlobalSection
	GlobalSection(ProjectConfigurationPlatforms) = postSolution
		{86A32285-DB4F-4CB5-B52B-B646B8444354}.Debug|Any CPU.ActiveCfg = Debug|Any CPU
		{86A32285-DB4F-4CB5-B52B-B646B8444354}.Debug|Any CPU.Build.0 = Debug|Any CPU
		{86A32285-DB4F-4CB5-B52B-B646B8444354}.Release|Any CPU.ActiveCfg = Release|Any CPU
		{86A32285-DB4F-4CB5-B52B-B646B8444354}.Release|Any CPU.Build.0 = Release|Any CPU
	EndGlobalSection
	GlobalSection(SolutionProperties) = preSolution
		HideSolutionNode = FALSE
	EndGlobalSection
	GlobalSection(ExtensibilityGlobals) = postSolution
		SolutionGuid = {A256822F-6612-485A-88E6-9FDD68E856B2}
	EndGlobalSection
EndGlobal
